
Microsoft Visual Studio Solution File, Format Version 12.00
# Visual Studio Version 17
VisualStudioVersion = 17.1.32319.34
MinimumVisualStudioVersion = 10.0.40219.1
Project("{FAE04EC0-301F-11D3-BF4B-00C04F79EFBC}") = "SeleniumApp", "SeleniumApp\SeleniumApp.csproj", "{F3786D51-4DC5-4D92-B75D-C32A8E19E30F}"
EndProject
Project("{FAE04EC0-301F-11D3-BF4B-00C04F79EFBC}") = "SeleniumAppTest", "SeleniumAppTest\SeleniumAppTest.csproj", "{8BDAF567-1172-4B30-BDC1-316388063C3D}"
EndProject
Global
	GlobalSection(SolutionConfigurationPlatforms) = preSolution
		Debug|Any CPU = Debug|Any CPU
		Release|Any CPU = Release|Any CPU
	EndGlobalSection
	GlobalSection(ProjectConfigurationPlatforms) = postSolution
		{F3786D51-4DC5-4D92-B75D-C32A8E19E30F}.Debug|Any CPU.ActiveCfg = Debug|Any CPU
		{F3786D51-4DC5-4D92-B75D-C32A8E19E30F}.Debug|Any CPU.Build.0 = Debug|Any CPU
		{F3786D51-4DC5-4D92-B75D-C32A8E19E30F}.Release|Any CPU.ActiveCfg = Release|Any CPU
		{F3786D51-4DC5-4D92-B75D-C32A8E19E30F}.Release|Any CPU.Build.0 = Release|Any CPU
		{8BDAF567-1172-4B30-BDC1-316388063C3D}.Debug|Any CPU.ActiveCfg = Debug|Any CPU
		{8BDAF567-1172-4B30-BDC1-316388063C3D}.Debug|Any CPU.Build.0 = Debug|Any CPU
		{8BDAF567-1172-4B30-BDC1-316388063C3D}.Release|Any CPU.ActiveCfg = Release|Any CPU
		{8BDAF567-1172-4B30-BDC1-316388063C3D}.Release|Any CPU.Build.0 = Release|Any CPU
	EndGlobalSection
	GlobalSection(SolutionProperties) = preSolution
		HideSolutionNode = FALSE
	EndGlobalSection
	GlobalSection(ExtensibilityGlobals) = postSolution
		SolutionGuid = {1EC6B1C7-BB9D-4212-B805-CEBB80693708}
	EndGlobalSection
EndGlobal
